
Microsoft Visual Studio Solution File, Format Version 12.00
# Visual Studio Version 16
VisualStudioVersion = 16.0.31605.320
MinimumVisualStudioVersion = 10.0.40219.1
Project("{9A19103F-16F7-4668-BE54-9A1E7A4F7556}") = "ElainLuokat", "ElainLuokat\ElainLuokat.csproj", "{AC2871DE-39D0-48CA-A647-84E9CE601608}"
EndProject
Global
	GlobalSection(SolutionConfigurationPlatforms) = preSolution
		Debug|Any CPU = Debug|Any CPU
		Release|Any CPU = Release|Any CPU
	EndGlobalSection
	GlobalSection(ProjectConfigurationPlatforms) = postSolution
		{AC2871DE-39D0-48CA-A647-84E9CE601608}.Debug|Any CPU.ActiveCfg = Debug|Any CPU
		{AC2871DE-39D0-48CA-A647-84E9CE601608}.Debug|Any CPU.Build.0 = Debug|Any CPU
		{AC2871DE-39D0-48CA-A647-84E9CE601608}.Release|Any CPU.ActiveCfg = Release|Any CPU
		{AC2871DE-39D0-48CA-A647-84E9CE601608}.Release|Any CPU.Build.0 = Release|Any CPU
	EndGlobalSection
	GlobalSection(SolutionProperties) = preSolution
		HideSolutionNode = FALSE
	EndGlobalSection
	GlobalSection(ExtensibilityGlobals) = postSolution
		SolutionGuid = {F02BA5C9-2DA6-4410-8263-EF6CEA8584ED}
	EndGlobalSection
EndGlobal
